{
  "requires": true,
  "lockfileVersion": 1,
  "dependencies": {
    "acorn": {
      "version": "2.7.0",
      "resolved": "https://registry.npmjs.org/acorn/-/acorn-2.7.0.tgz",
      "integrity": "sha1-q259nYhqrKiwhbwzEreaGYQz8Oc="
    },
    "acorn-globals": {
      "version": "1.0.9",
      "resolved": "https://registry.npmjs.org/acorn-globals/-/acorn-globals-1.0.9.tgz",
      "integrity": "sha1-VbtemGkVB7dFedBRNBMhfDgMVM8=",
      "requires": {
        "acorn": "^2.1.0"
      }
    },
    "align-text": {
      "version": "0.1.4",
      "resolved": "https://registry.npmjs.org/align-text/-/align-text-0.1.4.tgz",
      "integrity": "sha1-DNkKVhCT810KmSVsIrcGlDP60Rc=",
      "requires": {
        "kind-of": "^3.0.2",
        "longest": "^1.0.1",
        "repeat-string": "^1.5.2"
      }
    },
    "ambi": {
      "version": "3.2.0",
      "resolved": "https://registry.npmjs.org/ambi/-/ambi-3.2.0.tgz",
      "integrity": "sha512-nj5sHLPFd7u2OLmHdFs4DHt3gK6edpNw35hTRIKyI/Vd2Th5e4io50rw1lhmCdUNO2Mm4/4FkHmv6shEANAWcw==",
      "requires": {
        "editions": "^2.1.0",
        "typechecker": "^4.3.0"
      },
      "dependencies": {
        "typechecker": {
          "version": "4.11.0",
          "resolved": "https://registry.npmjs.org/typechecker/-/typechecker-4.11.0.tgz",
          "integrity": "sha512-lz39Mc/d1UBcF/uQFL5P8L+oWdIn/stvkUgHf0tPRW4aEwGGErewNXo2Nb6We2WslWifn00rhcHbbRWRcTGhuw==",
          "requires": {
            "editions": "^2.2.0"
          }
        }
      }
    },
    "amdefine": {
      "version": "1.0.1",
      "resolved": "https://registry.npmjs.org/amdefine/-/amdefine-1.0.1.tgz",
      "integrity": "sha1-SlKCrBZHKek2Gbz9OtFR+BfOkfU="
    },
    "asap": {
      "version": "1.0.0",
      "resolved": "https://registry.npmjs.org/asap/-/asap-1.0.0.tgz",
      "integrity": "sha1-sqRdpf36ILBJb8N2jMJ8EvqRan0="
    },
    "async": {
      "version": "3.2.2",
      "resolved": "https://registry.npmjs.org/async/-/async-3.2.2.tgz",
      "integrity": "sha512-H0E+qZaDEfx/FY4t7iLRv1W2fFI6+pyCeTw1uN20AQPiwqwM6ojPxHxdLv4z8hi2DtnW9BOckSspLucW7pIE5g=="
    },
    "camelcase": {
      "version": "1.2.1",
      "resolved": "https://registry.npmjs.org/camelcase/-/camelcase-1.2.1.tgz",
      "integrity": "sha1-m7UwTS4LVmmLLHWLCKPqqdqlijk="
    },
    "center-align": {
      "version": "0.1.3",
      "resolved": "https://registry.npmjs.org/center-align/-/center-align-0.1.3.tgz",
      "integrity": "sha1-qg0yYptu6XIgBBHL1EYckHvCt60=",
      "requires": {
        "align-text": "^0.1.3",
        "lazy-cache": "^1.0.3"
      }
    },
    "character-parser": {
      "version": "1.2.1",
      "resolved": "https://registry.npmjs.org/character-parser/-/character-parser-1.2.1.tgz",
      "integrity": "sha1-wN3kqxgnE7kZuXCVmhI+zBow/NY="
    },
    "clean-css": {
      "version": "3.4.28",
      "resolved": "https://registry.npmjs.org/clean-css/-/clean-css-3.4.28.tgz",
      "integrity": "sha1-vxlF6C/ICPVWlebd6uwBQA79A/8=",
      "requires": {
        "commander": "2.8.x",
        "source-map": "0.4.x"
      },
      "dependencies": {
        "commander": {
          "version": "2.8.1",
          "resolved": "https://registry.npmjs.org/commander/-/commander-2.8.1.tgz",
          "integrity": "sha1-Br42f+v9oMMwqh4qBy09yXYkJdQ=",
          "requires": {
            "graceful-readlink": ">= 1.0.0"
          }
        }
      }
    },
    "cli-color": {
      "version": "2.0.1",
      "resolved": "https://registry.npmjs.org/cli-color/-/cli-color-2.0.1.tgz",
      "integrity": "sha512-eBbxZF6fqPUNnf7CLAFOersUnyYzv83tHFLSlts+OAHsNendaqv2tHCq+/MO+b3Y+9JeoUlIvobyxG/Z8GNeOg==",
      "requires": {
        "d": "^1.0.1",
        "es5-ext": "^0.10.53",
        "es6-iterator": "^2.0.3",
        "memoizee": "^0.4.15",
        "timers-ext": "^0.1.7"
      }
    },
    "cliui": {
      "version": "2.1.0",
      "resolved": "https://registry.npmjs.org/cliui/-/cliui-2.1.0.tgz",
      "integrity": "sha1-S0dXYP+AJkx2LDoXGQMukcf+oNE=",
      "requires": {
        "center-align": "^0.1.1",
        "right-align": "^0.1.1",
        "wordwrap": "0.0.2"
      },
      "dependencies": {
        "wordwrap": {
          "version": "0.0.2",
          "resolved": "https://registry.npmjs.org/wordwrap/-/wordwrap-0.0.2.tgz",
          "integrity": "sha1-t5Zpu0LstAn4PVg8rVLKF+qhZD8="
        }
      }
    },
    "commander": {
      "version": "2.6.0",
      "resolved": "https://registry.npmjs.org/commander/-/commander-2.6.0.tgz",
      "integrity": "sha1-nfflL7Kgyw+4kFjugMMQQiXzfh0="
    },
    "constantinople": {
      "version": "3.0.2",
      "resolved": "https://registry.npmjs.org/constantinople/-/constantinople-3.0.2.tgz",
      "integrity": "sha1-S5RdmTeQe82Y7ldRIsOBdRZUQUE=",
      "requires": {
        "acorn": "^2.1.0"
      }
    },
    "copy-anything": {
      "version": "2.0.3",
      "resolved": "https://registry.npmjs.org/copy-anything/-/copy-anything-2.0.3.tgz",
      "integrity": "sha512-GK6QUtisv4fNS+XcI7shX0Gx9ORg7QqIznyfho79JTnX1XhLiyZHfftvGiziqzRiEi/Bjhgpi+D2o7HxJFPnDQ==",
      "requires": {
        "is-what": "^3.12.0"
      }
    },
    "css": {
      "version": "1.0.8",
      "resolved": "https://registry.npmjs.org/css/-/css-1.0.8.tgz",
      "integrity": "sha1-k4aBHKgrzMnuf7WnMrHioxfIo+c=",
      "requires": {
        "css-parse": "1.0.4",
        "css-stringify": "1.0.5"
      }
    },
    "css-parse": {
      "version": "1.0.4",
      "resolved": "https://registry.npmjs.org/css-parse/-/css-parse-1.0.4.tgz",
      "integrity": "sha1-OLBQP7+dqfVOnB29pg4UXHcRe90="
    },
    "css-stringify": {
      "version": "1.0.5",
      "resolved": "https://registry.npmjs.org/css-stringify/-/css-stringify-1.0.5.tgz",
      "integrity": "sha1-sNBClG2ylTu50pKQCmy19tASIDE="
    },
    "d": {
      "version": "1.0.1",
      "resolved": "https://registry.npmjs.org/d/-/d-1.0.1.tgz",
      "integrity": "sha512-m62ShEObQ39CfralilEQRjH6oAMtNCV1xJyEx5LpRYUVN+EviphDgUc/F3hnYbADmkiNs67Y+3ylmlG7Lnu+FA==",
      "requires": {
        "es5-ext": "^0.10.50",
        "type": "^1.0.1"
      }
    },
    "debug": {
      "version": "3.2.7",
      "resolved": "https://registry.npmjs.org/debug/-/debug-3.2.7.tgz",
      "integrity": "sha512-CFjzYYAi4ThfiQvizrFQevTTXHtnCqWfe7x1AhgEscTz6ZbLbfoLRLPugTQyBth6f8ZERVUSyWHFD/7Wu4t1XQ==",
      "optional": true,
      "requires": {
        "ms": "^2.1.1"
      }
    },
    "decamelize": {
      "version": "1.2.0",
      "resolved": "https://registry.npmjs.org/decamelize/-/decamelize-1.2.0.tgz",
      "integrity": "sha1-9lNNFRSCabIDUue+4m9QH5oZEpA="
    },
    "eachr": {
      "version": "4.5.0",
      "resolved": "https://registry.npmjs.org/eachr/-/eachr-4.5.0.tgz",
      "integrity": "sha512-9I664RWp6p8jvcHZIwo7bWaiSaUmA1wNSLKwNZEiaYjqiTARq3cGjyRiIunsopZv4QMmX3T5Hs17QoPAzdYxfg==",
      "requires": {
        "typechecker": "^6.2.0"
      }
    },
    "editions": {
      "version": "2.3.1",
      "resolved": "https://registry.npmjs.org/editions/-/editions-2.3.1.tgz",
      "integrity": "sha512-ptGvkwTvGdGfC0hfhKg0MT+TRLRKGtUiWGBInxOm5pz7ssADezahjCUaYuZ8Dr+C05FW0AECIIPt4WBxVINEhA==",
      "requires": {
        "errlop": "^2.0.0",
        "semver": "^6.3.0"
      },
      "dependencies": {
        "semver": {
          "version": "6.3.0",
          "resolved": "https://registry.npmjs.org/semver/-/semver-6.3.0.tgz",
          "integrity": "sha512-b39TBaTSfV6yBrapU89p5fKekE2m/NwnDocOVruQFS1/veMgdzuPcnOM34M6CwxW8jH/lxEa5rBoDeUwu5HHTw=="
        }
      }
    },
    "errlop": {
      "version": "2.2.0",
      "resolved": "https://registry.npmjs.org/errlop/-/errlop-2.2.0.tgz",
      "integrity": "sha512-e64Qj9+4aZzjzzFpZC7p5kmm/ccCrbLhAJplhsDXQFs87XTsXwOpH4s1Io2s90Tau/8r2j9f4l/thhDevRjzxw=="
    },
    "errno": {
      "version": "0.1.8",
      "resolved": "https://registry.npmjs.org/errno/-/errno-0.1.8.tgz",
      "integrity": "sha512-dJ6oBr5SQ1VSd9qkk7ByRgb/1SH4JZjCHSW/mr63/QcXO9zLVxvJ6Oy13nio03rxpSnVDDjFor75SjVeZWPW/A==",
      "optional": true,
      "requires": {
        "prr": "~1.0.1"
      }
    },
    "es5-ext": {
      "version": "0.10.53",
      "resolved": "https://registry.npmjs.org/es5-ext/-/es5-ext-0.10.53.tgz",
      "integrity": "sha512-Xs2Stw6NiNHWypzRTY1MtaG/uJlwCk8kH81920ma8mvN8Xq1gsfhZvpkImLQArw8AHnv8MT2I45J3c0R8slE+Q==",
      "requires": {
        "es6-iterator": "~2.0.3",
        "es6-symbol": "~3.1.3",
        "next-tick": "~1.0.0"
      }
    },
    "es6-iterator": {
      "version": "2.0.3",
      "resolved": "https://registry.npmjs.org/es6-iterator/-/es6-iterator-2.0.3.tgz",
      "integrity": "sha1-p96IkUGgWpSwhUQDstCg+/qY87c=",
      "requires": {
        "d": "1",
        "es5-ext": "^0.10.35",
        "es6-symbol": "^3.1.1"
      }
    },
    "es6-symbol": {
      "version": "3.1.3",
      "resolved": "https://registry.npmjs.org/es6-symbol/-/es6-symbol-3.1.3.tgz",
      "integrity": "sha512-NJ6Yn3FuDinBaBRWl/q5X/s4koRHBrgKAu+yGI6JCBeiu3qrcbJhwT2GeR/EXVfylRk8dpQVJoLEFhK+Mu31NA==",
      "requires": {
        "d": "^1.0.1",
        "ext": "^1.1.2"
      }
    },
    "es6-weak-map": {
      "version": "2.0.3",
      "resolved": "https://registry.npmjs.org/es6-weak-map/-/es6-weak-map-2.0.3.tgz",
      "integrity": "sha512-p5um32HOTO1kP+w7PRnB+5lQ43Z6muuMuIMffvDN8ZB4GcnjLBV6zGStpbASIMk4DCAvEaamhe2zhyCb/QXXsA==",
      "requires": {
        "d": "1",
        "es5-ext": "^0.10.46",
        "es6-iterator": "^2.0.3",
        "es6-symbol": "^3.1.1"
      }
    },
    "event-emitter": {
      "version": "0.3.5",
      "resolved": "https://registry.npmjs.org/event-emitter/-/event-emitter-0.3.5.tgz",
      "integrity": "sha1-34xp7vFkeSPHFXuc6DhAYQsCzDk=",
      "requires": {
        "d": "1",
        "es5-ext": "~0.10.14"
      }
    },
    "ext": {
      "version": "1.6.0",
      "resolved": "https://registry.npmjs.org/ext/-/ext-1.6.0.tgz",
      "integrity": "sha512-sdBImtzkq2HpkdRLtlLWDa6w4DX22ijZLKx8BMPUuKe1c5lbN6xwQDQCxSfxBQnHZ13ls/FH0MQZx/q/gr6FQg==",
      "requires": {
        "type": "^2.5.0"
      },
      "dependencies": {
        "type": {
          "version": "2.5.0",
          "resolved": "https://registry.npmjs.org/type/-/type-2.5.0.tgz",
          "integrity": "sha512-180WMDQaIMm3+7hGXWf12GtdniDEy7nYcyFMKJn/eZz/6tSLXrUN9V0wKSbMjej0I1WHWbpREDEKHtqPQa9NNw=="
        }
      }
    },
    "extendr": {
      "version": "5.19.0",
      "resolved": "https://registry.npmjs.org/extendr/-/extendr-5.19.0.tgz",
      "integrity": "sha512-RDfK3UZaTWV02m5ndmqU0/Sn44aSy6Vsd0syD/ozjdX58ePubKJ8PxRrTHFIlXkScqU0rDGnu23KVBDKcaSOpQ==",
      "requires": {
        "typechecker": "^7.17.0"
      },
      "dependencies": {
        "typechecker": {
          "version": "7.18.0",
          "resolved": "https://registry.npmjs.org/typechecker/-/typechecker-7.18.0.tgz",
          "integrity": "sha512-GjwqmuBuIQOvy0VsuMyjxur1hop/mLgKby61izt4UpT3Knm/7qzXAxpQHVhLK7bgmZjIj9GtIBmh1FMnyEDVBw=="
        }
      }
    },
    "graceful-fs": {
      "version": "4.2.8",
      "resolved": "https://registry.npmjs.org/graceful-fs/-/graceful-fs-4.2.8.tgz",
      "integrity": "sha512-qkIilPUYcNhJpd33n0GBXTB1MMPp14TxEsEs0pTrsSVucApsYzW5V+Q8Qxhik6KU3evy+qkAAowTByymK0avdg=="
    },
    "graceful-readlink": {
      "version": "1.0.1",
      "resolved": "https://registry.npmjs.org/graceful-readlink/-/graceful-readlink-1.0.1.tgz",
      "integrity": "sha1-TK+tdrxi8C+gObL5Tpo906ORpyU="
    },
    "iconv-lite": {
      "version": "0.4.24",
      "resolved": "https://registry.npmjs.org/iconv-lite/-/iconv-lite-0.4.24.tgz",
      "integrity": "sha512-v3MXnZAcvnywkTUEZomIActle7RXXeedOR31wwl7VlyoXO4Qi9arvSenNQWne1TcRwhCL1HwLI21bEqdpj8/rA==",
      "optional": true,
      "requires": {
        "safer-buffer": ">= 2.1.2 < 3"
      }
    },
    "ignorefs": {
      "version": "3.17.0",
      "resolved": "https://registry.npmjs.org/ignorefs/-/ignorefs-3.17.0.tgz",
      "integrity": "sha512-MgcvZEiUxKLwvhLOQssxbXhJICyKcRlbWuQ0LCQxQK0uPyk8W38uCWNtLfeoPEzUw3eA8aq0YrV8SKHC8sGtSQ==",
      "requires": {
        "ignorepatterns": "^4.16.0"
      }
    },
    "ignorepatterns": {
      "version": "4.17.0",
      "resolved": "https://registry.npmjs.org/ignorepatterns/-/ignorepatterns-4.17.0.tgz",
      "integrity": "sha512-lOIOoM6ZBVvH6oUVITyWPe3Jj7j/hgBc3vThN+w0cjrX9PmxWY3Vj1d54+qMy3efAJKckfHfeszRypRScUTjPw=="
    },
    "image-size": {
      "version": "0.5.5",
      "resolved": "https://registry.npmjs.org/image-size/-/image-size-0.5.5.tgz",
      "integrity": "sha1-Cd/Uq50g4p6xw+gLiZA3jfnjy5w=",
      "optional": true
    },
    "ip": {
      "version": "1.1.5",
      "resolved": "https://registry.npmjs.org/ip/-/ip-1.1.5.tgz",
      "integrity": "sha1-vd7XARQpCCjAoDnnLvJfWq7ENUo="
    },
    "is-buffer": {
      "version": "1.1.6",
      "resolved": "https://registry.npmjs.org/is-buffer/-/is-buffer-1.1.6.tgz",
      "integrity": "sha512-NcdALwpXkTm5Zvvbk7owOUSvVvBKDgKP5/ewfXEznmQFfs4ZRmanOeKBTjRVjka3QFoN6XJ+9F3USqfHqTaU5w=="
    },
    "is-promise": {
      "version": "2.2.2",
      "resolved": "https://registry.npmjs.org/is-promise/-/is-promise-2.2.2.tgz",
      "integrity": "sha512-+lP4/6lKUBfQjZ2pdxThZvLUAafmZb8OAxFb8XXtiQmS35INgr85hdOGoEs124ez1FCnZJt6jau/T+alh58QFQ=="
    },
    "is-what": {
      "version": "3.14.1",
      "resolved": "https://registry.npmjs.org/is-what/-/is-what-3.14.1.tgz",
      "integrity": "sha512-sNxgpk9793nzSs7bA6JQJGeIuRBQhAaNGG77kzYQgMkrID+lS6SlK07K5LaptscDlSaIgH+GPFzf+d75FVxozA=="
    },
    "jade": {
      "version": "1.11.0",
      "resolved": "https://registry.npmjs.org/jade/-/jade-1.11.0.tgz",
      "integrity": "sha1-nIDlOMEtP7lcjZu5VZ+gzAQEBf0=",
      "requires": {
        "character-parser": "1.2.1",
        "clean-css": "^3.1.9",
        "commander": "~2.6.0",
        "constantinople": "~3.0.1",
        "jstransformer": "0.0.2",
        "mkdirp": "~0.5.0",
        "transformers": "2.1.0",
        "uglify-js": "^2.4.19",
        "void-elements": "~2.0.1",
        "with": "~4.0.0"
      }
    },
    "jsph": {
      "version": "1.1.0",
      "resolved": "https://registry.npmjs.org/jsph/-/jsph-1.1.0.tgz",
      "integrity": "sha1-OWcyDKDqA/hcUZ1wb7fbT0KwVsc="
    },
    "jstransformer": {
      "version": "0.0.2",
      "resolved": "https://registry.npmjs.org/jstransformer/-/jstransformer-0.0.2.tgz",
      "integrity": "sha1-eq4pqQPRls+glz2IXT5HlH7Ndqs=",
      "requires": {
        "is-promise": "^2.0.0",
        "promise": "^6.0.1"
      }
    },
    "kind-of": {
      "version": "3.2.2",
      "resolved": "https://registry.npmjs.org/kind-of/-/kind-of-3.2.2.tgz",
      "integrity": "sha1-MeohpzS6ubuw8yRm2JOupR5KPGQ=",
      "requires": {
        "is-buffer": "^1.1.5"
      }
    },
    "lazy-cache": {
      "version": "1.0.4",
      "resolved": "https://registry.npmjs.org/lazy-cache/-/lazy-cache-1.0.4.tgz",
      "integrity": "sha1-odePw6UEdMuAhF07O24dpJpEbo4="
    },
    "less": {
      "version": "4.1.2",
      "resolved": "https://registry.npmjs.org/less/-/less-4.1.2.tgz",
      "integrity": "sha512-EoQp/Et7OSOVu0aJknJOtlXZsnr8XE8KwuzTHOLeVSEx8pVWUICc8Q0VYRHgzyjX78nMEyC/oztWFbgyhtNfDA==",
      "requires": {
        "copy-anything": "^2.0.1",
        "errno": "^0.1.1",
        "graceful-fs": "^4.1.2",
        "image-size": "~0.5.0",
        "make-dir": "^2.1.0",
        "mime": "^1.4.1",
        "needle": "^2.5.2",
        "parse-node-version": "^1.0.1",
        "source-map": "~0.6.0",
        "tslib": "^2.3.0"
      },
      "dependencies": {
        "source-map": {
          "version": "0.6.1",
          "resolved": "https://registry.npmjs.org/source-map/-/source-map-0.6.1.tgz",
          "integrity": "sha512-UjgapumWlbMhkBgzT7Ykc5YXUT46F0iKu8SGXq0bcwP5dz/h0Plj6enJqjz1Zbq2l5WaqYnrVbwWOWMyF3F47g==",
          "optional": true
        }
      }
    },
    "longest": {
      "version": "1.0.1",
      "resolved": "https://registry.npmjs.org/longest/-/longest-1.0.1.tgz",
      "integrity": "sha1-MKCy2jj3N3DoKUoNIuZiXtd9AJc="
    },
    "lru-queue": {
      "version": "0.1.0",
      "resolved": "https://registry.npmjs.org/lru-queue/-/lru-queue-0.1.0.tgz",
      "integrity": "sha1-Jzi9nw089PhEkMVzbEhpmsYyzaM=",
      "requires": {
        "es5-ext": "~0.10.2"
      }
    },
    "make-dir": {
      "version": "2.1.0",
      "resolved": "https://registry.npmjs.org/make-dir/-/make-dir-2.1.0.tgz",
      "integrity": "sha512-LS9X+dc8KLxXCb8dni79fLIIUA5VyZoyjSMCwTluaXA0o27cCK0bhXkpgw+sTXVpPy/lSO57ilRixqk0vDmtRA==",
      "optional": true,
      "requires": {
        "pify": "^4.0.1",
        "semver": "^5.6.0"
      }
    },
    "memoizee": {
      "version": "0.4.15",
      "resolved": "https://registry.npmjs.org/memoizee/-/memoizee-0.4.15.tgz",
      "integrity": "sha512-UBWmJpLZd5STPm7PMUlOw/TSy972M+z8gcyQ5veOnSDRREz/0bmpyTfKt3/51DhEBqCZQn1udM/5flcSPYhkdQ==",
      "requires": {
        "d": "^1.0.1",
        "es5-ext": "^0.10.53",
        "es6-weak-map": "^2.0.3",
        "event-emitter": "^0.3.5",
        "is-promise": "^2.2.2",
        "lru-queue": "^0.1.0",
        "next-tick": "^1.1.0",
        "timers-ext": "^0.1.7"
      },
      "dependencies": {
        "next-tick": {
          "version": "1.1.0",
          "resolved": "https://registry.npmjs.org/next-tick/-/next-tick-1.1.0.tgz",
          "integrity": "sha512-CXdUiJembsNjuToQvxayPZF9Vqht7hewsvy2sOWafLvi2awflj9mOC6bHIg50orX8IJvWKY9wYQ/zB2kogPslQ=="
        }
      }
    },
    "mime": {
      "version": "1.6.0",
      "resolved": "https://registry.npmjs.org/mime/-/mime-1.6.0.tgz",
      "integrity": "sha512-x0Vn8spI+wuJ1O6S7gnbaQg8Pxh4NNHb7KSINmEWKiPE4RKOplvijn+NkmYmmRgP68mc70j2EbeTFRsrswaQeg==",
      "optional": true
    },
    "minimist": {
      "version": "1.2.5",
      "resolved": "https://registry.npmjs.org/minimist/-/minimist-1.2.5.tgz",
      "integrity": "sha512-FM9nNUYrRBAELZQT3xeZQ7fmMOBg6nWNmJKTcgsJeaLstP/UODVpGsr5OhXhhXg6f+qtJ8uiZ+PUxkDWcgIXLw=="
    },
    "mkdirp": {
      "version": "0.5.5",
      "resolved": "https://registry.npmjs.org/mkdirp/-/mkdirp-0.5.5.tgz",
      "integrity": "sha512-NKmAlESf6jMGym1++R0Ra7wvhV+wFW63FaSOFPwRahvea0gMUcGUhVeAg/0BC0wiv9ih5NYPB1Wn1UEI1/L+xQ==",
      "requires": {
        "minimist": "^1.2.5"
      }
    },
    "ms": {
      "version": "2.1.3",
      "resolved": "https://registry.npmjs.org/ms/-/ms-2.1.3.tgz",
      "integrity": "sha512-6FlzubTLZG3J2a/NVCAleEhjzq5oxgHyaCU9yYXvcLsvoVaHJq/s5xXI6/XXP6tz7R9xAOtHnSO/tXtF3WRTlA==",
      "optional": true
    },
    "needle": {
      "version": "2.9.1",
      "resolved": "https://registry.npmjs.org/needle/-/needle-2.9.1.tgz",
      "integrity": "sha512-6R9fqJ5Zcmf+uYaFgdIHmLwNldn5HbK8L5ybn7Uz+ylX/rnOsSp1AHcvQSrCaFN+qNM1wpymHqD7mVasEOlHGQ==",
      "optional": true,
      "requires": {
        "debug": "^3.2.6",
        "iconv-lite": "^0.4.4",
        "sax": "^1.2.4"
      }
    },
    "next-tick": {
      "version": "1.0.0",
      "resolved": "https://registry.npmjs.org/next-tick/-/next-tick-1.0.0.tgz",
      "integrity": "sha1-yobR/ogoFpsBICCOPchCS524NCw="
    },
    "optimist": {
      "version": "0.3.7",
      "resolved": "https://registry.npmjs.org/optimist/-/optimist-0.3.7.tgz",
      "integrity": "sha1-yQlBrVnkJzMokjB00s8ufLxuwNk=",
      "requires": {
        "wordwrap": "~0.0.2"
      }
    },
    "parse-node-version": {
      "version": "1.0.1",
      "resolved": "https://registry.npmjs.org/parse-node-version/-/parse-node-version-1.0.1.tgz",
      "integrity": "sha512-3YHlOa/JgH6Mnpr05jP9eDG254US9ek25LyIxZlDItp2iJtwyaXQb57lBYLdT3MowkUFYEV2XXNAYIPlESvJlA=="
    },
    "pify": {
      "version": "4.0.1",
      "resolved": "https://registry.npmjs.org/pify/-/pify-4.0.1.tgz",
      "integrity": "sha512-uB80kBFb/tfd68bVleG9T5GGsGPjJrLAUpR5PZIrhBnIaRTQRjqdJSsIKkOP6OAIFbj7GOrcudc5pNjZ+geV2g==",
      "optional": true
    },
    "process": {
      "version": "0.11.10",
      "resolved": "https://registry.npmjs.org/process/-/process-0.11.10.tgz",
      "integrity": "sha1-czIwDoQBYb2j5podHZGn1LwW8YI="
    },
    "promise": {
      "version": "6.1.0",
      "resolved": "https://registry.npmjs.org/promise/-/promise-6.1.0.tgz",
      "integrity": "sha1-LOcp9rlLRcJoka0GAsXJDgTG7vY=",
      "requires": {
        "asap": "~1.0.0"
      }
    },
    "prr": {
      "version": "1.0.1",
      "resolved": "https://registry.npmjs.org/prr/-/prr-1.0.1.tgz",
      "integrity": "sha1-0/wRS6BplaRexok/SEzrHXj19HY=",
      "optional": true
    },
    "readdir-cluster": {
      "version": "3.17.0",
      "resolved": "https://registry.npmjs.org/readdir-cluster/-/readdir-cluster-3.17.0.tgz",
      "integrity": "sha512-h2gHgmqNcdedAyFjhr/WpK7mXVA50yIG6CSXmu+Gr09CIZFRPuer5ZyVvABVjbgEy+ZuyItnyIAoSPbWPxAqaQ=="
    },
    "repeat-string": {
      "version": "1.6.1",
      "resolved": "https://registry.npmjs.org/repeat-string/-/repeat-string-1.6.1.tgz",
      "integrity": "sha1-jcrkcOHIirwtYA//Sndihtp15jc="
    },
    "right-align": {
      "version": "0.1.3",
      "resolved": "https://registry.npmjs.org/right-align/-/right-align-0.1.3.tgz",
      "integrity": "sha1-YTObci/mo1FWiSENJOFMlhSGE+8=",
      "requires": {
        "align-text": "^0.1.1"
      }
    },
    "safefs": {
      "version": "6.16.0",
      "resolved": "https://registry.npmjs.org/safefs/-/safefs-6.16.0.tgz",
      "integrity": "sha512-IUIN5h+r2acNVkbsM5VoBUsRnaSFwQFZnzyvQsiLlgFsncLi7rrtmM4FsEgwv+xDTJzsrp79rd+/GJu2zWcR9w==",
      "requires": {
        "graceful-fs": "^4.2.6"
      }
    },
    "safer-buffer": {
      "version": "2.1.2",
      "resolved": "https://registry.npmjs.org/safer-buffer/-/safer-buffer-2.1.2.tgz",
      "integrity": "sha512-YZo3K82SD7Riyi0E1EQPojLz7kpepnSQI9IyPbHHg1XXXevb5dJI7tpyN2ADxGcQbHG7vcyRHk0cbwqcQriUtg==",
      "optional": true
    },
    "sax": {
      "version": "1.2.4",
      "resolved": "https://registry.npmjs.org/sax/-/sax-1.2.4.tgz",
      "integrity": "sha512-NqVDv9TpANUjFm0N8uM5GxL36UgKi9/atZw+x7YFnQ8ckwFGKrl4xX4yWtrey3UJm5nP1kUbnYgLopqWNSRhWw==",
      "optional": true
    },
    "scandirectory": {
      "version": "6.16.0",
      "resolved": "https://registry.npmjs.org/scandirectory/-/scandirectory-6.16.0.tgz",
      "integrity": "sha512-dhkab6gXRonb6qO6KBGwqpwBx54vfAd1LMf64O9wVu07sLr7vd+x/DYaEOK8q5cI1dWVlYULUoKFiWuX8M0QYg==",
      "requires": {
        "ignorefs": "^3.17.0",
        "readdir-cluster": "^3.17.0"
      }
    },
    "semver": {
      "version": "5.7.1",
      "resolved": "https://registry.npmjs.org/semver/-/semver-5.7.1.tgz",
      "integrity": "sha512-sauaDf/PZdVgrLTNYHRtpXa1iRiKcaebiKQ1BJdpQlWH2lCvexQdX55snPFyK7QzpudqbCI0qXFfOasHdyNDGQ==",
      "optional": true
    },
    "source-map": {
      "version": "0.4.4",
      "resolved": "https://registry.npmjs.org/source-map/-/source-map-0.4.4.tgz",
      "integrity": "sha1-66T12pwNyZneaAMti092FzZSA2s=",
      "requires": {
        "amdefine": ">=0.0.4"
      }
    },
    "taskgroup": {
      "version": "7.19.0",
      "resolved": "https://registry.npmjs.org/taskgroup/-/taskgroup-7.19.0.tgz",
      "integrity": "sha512-SWwM8bGfOZF0rwP3Wna5T51vf6JZOK3eSnVBqo27DVVf8UJLih6arif24qiS8DspFbWt2cE9SgOEwIW3rgWQtA==",
      "requires": {
        "ambi": "3.2.0",
        "eachr": "^4.5.0",
        "extendr": "^5.19.0",
        "unbounded": "^3.14.0"
      }
    },
    "timers-ext": {
      "version": "0.1.7",
      "resolved": "https://registry.npmjs.org/timers-ext/-/timers-ext-0.1.7.tgz",
      "integrity": "sha512-b85NUNzTSdodShTIbky6ZF02e8STtVVfD+fu4aXXShEELpozH+bCpJLYMPZbsABN2wDH7fJpqIoXxJpzbf0NqQ==",
      "requires": {
        "es5-ext": "~0.10.46",
        "next-tick": "1"
      }
    },
    "transformers": {
      "version": "2.1.0",
      "resolved": "https://registry.npmjs.org/transformers/-/transformers-2.1.0.tgz",
      "integrity": "sha1-XSPLNVYd2F3Gf7hIIwm0fVPM6ac=",
      "requires": {
        "css": "~1.0.8",
        "promise": "~2.0",
        "uglify-js": "~2.2.5"
      },
      "dependencies": {
        "is-promise": {
          "version": "1.0.1",
          "resolved": "https://registry.npmjs.org/is-promise/-/is-promise-1.0.1.tgz",
          "integrity": "sha1-MVc3YcBX4zwukaq56W2gjO++duU="
        },
        "promise": {
          "version": "2.0.0",
          "resolved": "https://registry.npmjs.org/promise/-/promise-2.0.0.tgz",
          "integrity": "sha1-RmSKqdYFr10ucMMCS/WUNtoCuA4=",
          "requires": {
            "is-promise": "~1"
          }
        },
        "source-map": {
          "version": "0.1.43",
          "resolved": "https://registry.npmjs.org/source-map/-/source-map-0.1.43.tgz",
          "integrity": "sha1-wkvBRspRfBRx9drL4lcbK3+eM0Y=",
          "requires": {
            "amdefine": ">=0.0.4"
          }
        },
        "uglify-js": {
          "version": "2.2.5",
          "resolved": "https://registry.npmjs.org/uglify-js/-/uglify-js-2.2.5.tgz",
          "integrity": "sha1-puAqcNg5eSuXgEiLe4sYTAlcmcc=",
          "requires": {
            "optimist": "~0.3.5",
            "source-map": "~0.1.7"
          }
        }
      }
    },
    "tslib": {
      "version": "2.3.1",
      "resolved": "https://registry.npmjs.org/tslib/-/tslib-2.3.1.tgz",
      "integrity": "sha512-77EbyPPpMz+FRFRuAFlWMtmgUWGe9UOG2Z25NqCwiIjRhOf5iKGuzSe5P2w1laq+FkRy4p+PCuVkJSGkzTEKVw=="
    },
    "type": {
      "version": "1.2.0",
      "resolved": "https://registry.npmjs.org/type/-/type-1.2.0.tgz",
      "integrity": "sha512-+5nt5AAniqsCnu2cEQQdpzCAh33kVx8n0VoFidKpB1dVVLAN/F+bgVOqOJqOnEnrhp222clB5p3vUlD+1QAnfg=="
    },
    "typechecker": {
      "version": "6.4.0",
      "resolved": "https://registry.npmjs.org/typechecker/-/typechecker-6.4.0.tgz",
      "integrity": "sha512-EbOu+9szY13mhl0EsvLXnR+pTCa3gTHQQPLdce72ujcC9fRHXlVFBNXtHeRhgzLxLlKUh4zA9C0tezLDgshf+A=="
    },
    "uglify-js": {
      "version": "2.8.29",
      "resolved": "https://registry.npmjs.org/uglify-js/-/uglify-js-2.8.29.tgz",
      "integrity": "sha1-KcVzMUgFe7Th913zW3qcty5qWd0=",
      "requires": {
        "source-map": "~0.5.1",
        "uglify-to-browserify": "~1.0.0",
        "yargs": "~3.10.0"
      },
      "dependencies": {
        "source-map": {
          "version": "0.5.7",
          "resolved": "https://registry.npmjs.org/source-map/-/source-map-0.5.7.tgz",
          "integrity": "sha1-igOdLRAh0i0eoUyA2OpGi6LvP8w="
        }
      }
    },
    "uglify-to-browserify": {
      "version": "1.0.2",
      "resolved": "https://registry.npmjs.org/uglify-to-browserify/-/uglify-to-browserify-1.0.2.tgz",
      "integrity": "sha1-bgkk1r2mta/jSeOabWMoUKD4grc=",
      "optional": true
    },
    "unbounded": {
      "version": "3.15.0",
      "resolved": "https://registry.npmjs.org/unbounded/-/unbounded-3.15.0.tgz",
      "integrity": "sha512-XqCeEuYLw2KNSUNyny+eUaJAKvhDc70gcRqyykLGWneD20Oj/olNp5nhfPzG2y74tmXGu240emTFj+Xndynhig=="
    },
    "underscore": {
      "version": "1.13.1",
      "resolved": "https://registry.npmjs.org/underscore/-/underscore-1.13.1.tgz",
      "integrity": "sha512-hzSoAVtJF+3ZtiFX0VgfFPHEDRm7Y/QPjGyNo4TVdnDTdft3tr8hEkD25a1jC+TjTuE7tkHGKkhwCgs9dgBB2g=="
    },
    "url-patterns": {
      "version": "0.1.3",
      "resolved": "https://registry.npmjs.org/url-patterns/-/url-patterns-0.1.3.tgz",
      "integrity": "sha1-lMpdWi4PvSYlobEziy7ehYCf2RI="
    },
    "void-elements": {
      "version": "2.0.1",
      "resolved": "https://registry.npmjs.org/void-elements/-/void-elements-2.0.1.tgz",
      "integrity": "sha1-wGavtYK7HLQSjWDqkjkulNXp2+w="
    },
    "watchr": {
      "version": "6.11.0",
      "resolved": "https://registry.npmjs.org/watchr/-/watchr-6.11.0.tgz",
      "integrity": "sha512-cOa2+BfmhpwlqHgDnTtIiraFOSSFMlnRLufGJItfTucZIKT80dV5/igo1GqDJ6a1IzM+/ghKtufvTMMmV2KCxQ==",
      "requires": {
        "eachr": "^4.5.0",
        "extendr": "^5.19.0",
        "ignorefs": "^3.17.0",
        "safefs": "^6.16.0",
        "scandirectory": "^6.16.0",
        "taskgroup": "^7.19.0"
      }
    },
    "widgets": {
      "version": "0.3.4",
      "resolved": "https://registry.npmjs.org/widgets/-/widgets-0.3.4.tgz",
      "integrity": "sha1-w2aVfbo8ZNQSPdYu9oFEjka0GhE=",
      "requires": {
        "async": ">= 0.2.10",
        "cli-color": ">= 0.2.3",
        "jade": ">= 1.3.0",
        "jsph": ">= 1.1.0",
        "less": ">= 1.7.0",
        "underscore": ">= 1.6.0",
        "url-patterns": ">= 0.1.3",
        "watchr": ">= 2.4.11"
      }
    },
    "window-size": {
      "version": "0.1.0",
      "resolved": "https://registry.npmjs.org/window-size/-/window-size-0.1.0.tgz",
      "integrity": "sha1-VDjNLqk7IC76Ohn+iIeu58lPnJ0="
    },
    "with": {
      "version": "4.0.3",
      "resolved": "https://registry.npmjs.org/with/-/with-4.0.3.tgz",
      "integrity": "sha1-7v0VTp550sjTQXtkeo8U2f7M4U4=",
      "requires": {
        "acorn": "^1.0.1",
        "acorn-globals": "^1.0.3"
      },
      "dependencies": {
        "acorn": {
          "version": "1.2.2",
          "resolved": "https://registry.npmjs.org/acorn/-/acorn-1.2.2.tgz",
          "integrity": "sha1-yM4n3grMdtiW0rH6099YjZ6C8BQ="
        }
      }
    },
    "wordwrap": {
      "version": "0.0.3",
      "resolved": "https://registry.npmjs.org/wordwrap/-/wordwrap-0.0.3.tgz",
      "integrity": "sha1-o9XabNXAvAAI03I0u68b7WMFkQc="
    },
    "yargs": {
      "version": "3.10.0",
      "resolved": "https://registry.npmjs.org/yargs/-/yargs-3.10.0.tgz",
      "integrity": "sha1-9+572FfdfB0tOMDnTvvWgdFDH9E=",
      "requires": {
        "camelcase": "^1.0.2",
        "cliui": "^2.1.0",
        "decamelize": "^1.0.0",
        "window-size": "0.1.0"
      }
    }
  }
}
